
Microsoft Visual Studio Solution File, Format Version 12.00
# Visual Studio Version 16
VisualStudioVersion = 16.0.29102.190
MinimumVisualStudioVersion = 10.0.40219.1
Project("{FAE04EC0-301F-11D3-BF4B-00C04F79EFBC}") = "practica9", "practica9\practica9.csproj", "{4E0BB612-2BC2-494D-9A7F-7427E522AE05}"
EndProject
Global
	GlobalSection(SolutionConfigurationPlatforms) = preSolution
		Debug|Any CPU = Debug|Any CPU
		Release|Any CPU = Release|Any CPU
	EndGlobalSection
	GlobalSection(ProjectConfigurationPlatforms) = postSolution
		{4E0BB612-2BC2-494D-9A7F-7427E522AE05}.Debug|Any CPU.ActiveCfg = Debug|Any CPU
		{4E0BB612-2BC2-494D-9A7F-7427E522AE05}.Debug|Any CPU.Build.0 = Debug|Any CPU
		{4E0BB612-2BC2-494D-9A7F-7427E522AE05}.Release|Any CPU.ActiveCfg = Release|Any CPU
		{4E0BB612-2BC2-494D-9A7F-7427E522AE05}.Release|Any CPU.Build.0 = Release|Any CPU
	EndGlobalSection
	GlobalSection(SolutionProperties) = preSolution
		HideSolutionNode = FALSE
	EndGlobalSection
	GlobalSection(ExtensibilityGlobals) = postSolution
		SolutionGuid = {47AB7B3B-32FF-4A10-A5E6-878195A20F2D}
	EndGlobalSection
EndGlobal
